// !$*UTF8*$!
{
	archiveVersion = 1;
	classes = {
	};
	objectVersion = 46;
	objects = {

/* Begin PBXBuildFile section */
		974CA47920EFB74E0047FEA6 /* GradientView.swift in Sources */ = {isa = PBXBuildFile; fileRef = 974CA47820EFB74E0047FEA6 /* GradientView.swift */; };
		9784DB1820EF3CF800DCF746 /* SWRevealViewController.m in Sources */ = {isa = PBXBuildFile; fileRef = 9784DB1720EF3CF800DCF746 /* SWRevealViewController.m */; };
		9784DB1D20EF59C900DCF746 /* ChatVC.swift in Sources */ = {isa = PBXBuildFile; fileRef = 9784DB1C20EF59C900DCF746 /* ChatVC.swift */; };
		9784DB1F20EF59E100DCF746 /* ChannelVC.swift in Sources */ = {isa = PBXBuildFile; fileRef = 9784DB1E20EF59E100DCF746 /* ChannelVC.swift */; };
		97871AA220EAADEC00A88E6A /* AppDelegate.swift in Sources */ = {isa = PBXBuildFile; fileRef = 97871AA120EAADEC00A88E6A /* AppDelegate.swift */; };
		97871AA720EAADEC00A88E6A /* Main.storyboard in Resources */ = {isa = PBXBuildFile; fileRef = 97871AA520EAADEC00A88E6A /* Main.storyboard */; };
		97871AA920EAADEC00A88E6A /* Assets.xcassets in Resources */ = {isa = PBXBuildFile; fileRef = 97871AA820EAADEC00A88E6A /* Assets.xcassets */; };
		97871AAC20EAADEC00A88E6A /* LaunchScreen.storyboard in Resources */ = {isa = PBXBuildFile; fileRef = 97871AAA20EAADEC00A88E6A /* LaunchScreen.storyboard */; };
		FE8044642094E95B95532E2E /* Pods_Smake.framework in Frameworks */ = {isa = PBXBuildFile; fileRef = AD2B44B489F6DA578AB70184 /* Pods_Smake.framework */; };
/* End PBXBuildFile section */

/* Begin PBXFileReference section */
		974CA47820EFB74E0047FEA6 /* GradientView.swift */ = {isa = PBXFileReference; fileEncoding = 4; lastKnownFileType = sourcecode.swift; path = GradientView.swift; sourceTree = "<group>"; };
		9784DB1520EF3CF700DCF746 /* Smake-Bridging-Header.h */ = {isa = PBXFileReference; lastKnownFileType = sourcecode.c.h; path = "Smake-Bridging-Header.h"; sourceTree = "<group>"; };
		9784DB1620EF3CF800DCF746 /* SWRevealViewController.h */ = {isa = PBXFileReference; fileEncoding = 4; lastKnownFileType = sourcecode.c.h; path = SWRevealViewController.h; sourceTree = "<group>"; };
		9784DB1720EF3CF800DCF746 /* SWRevealViewController.m */ = {isa = PBXFileReference; fileEncoding = 4; lastKnownFileType = sourcecode.c.objc; path = SWRevealViewController.m; sourceTree = "<group>"; };
		9784DB1C20EF59C900DCF746 /* ChatVC.swift */ = {isa = PBXFileReference; fileEncoding = 4; lastKnownFileType = sourcecode.swift; path = ChatVC.swift; sourceTree = "<group>"; };
		9784DB1E20EF59E100DCF746 /* ChannelVC.swift */ = {isa = PBXFileReference; fileEncoding = 4; lastKnownFileType = sourcecode.swift; path = ChannelVC.swift; sourceTree = "<group>"; };
		97871A9E20EAADEC00A88E6A /* Smake.app */ = {isa = PBXFileReference; explicitFileType = wrapper.application; includeInIndex = 0; path = Smake.app; sourceTree = BUILT_PRODUCTS_DIR; };
		97871AA120EAADEC00A88E6A /* AppDelegate.swift */ = {isa = PBXFileReference; lastKnownFileType = sourcecode.swift; path = AppDelegate.swift; sourceTree = "<group>"; };
		97871AA620EAADEC00A88E6A /* Base */ = {isa = PBXFileReference; lastKnownFileType = file.storyboard; name = Base; path = Base.lproj/Main.storyboard; sourceTree = "<group>"; };
		97871AA820EAADEC00A88E6A /* Assets.xcassets */ = {isa = PBXFileReference; lastKnownFileType = folder.assetcatalog; path = Assets.xcassets; sourceTree = "<group>"; };
		97871AAB20EAADEC00A88E6A /* Base */ = {isa = PBXFileReference; lastKnownFileType = file.storyboard; name = Base; path = Base.lproj/LaunchScreen.storyboard; sourceTree = "<group>"; };
		97871AAD20EAADEC00A88E6A /* Info.plist */ = {isa = PBXFileReference; lastKnownFileType = text.plist.xml; path = Info.plist; sourceTree = "<group>"; };
		AD2B44B489F6DA578AB70184 /* Pods_Smake.framework */ = {isa = PBXFileReference; explicitFileType = wrapper.framework; includeInIndex = 0; path = Pods_Smake.framework; sourceTree = BUILT_PRODUCTS_DIR; };
		CE8509021841E687E693BD1E /* Pods-Smake.debug.xcconfig */ = {isa = PBXFileReference; includeInIndex = 1; lastKnownFileType = text.xcconfig; name = "Pods-Smake.debug.xcconfig"; path = "Pods/Target Support Files/Pods-Smake/Pods-Smake.debug.xcconfig"; sourceTree = "<group>"; };
		D6FB3722E9A6BDCD6BC9722A /* Pods-Smake.release.xcconfig */ = {isa = PBXFileReference; includeInIndex = 1; lastKnownFileType = text.xcconfig; name = "Pods-Smake.release.xcconfig"; path = "Pods/Target Support Files/Pods-Smake/Pods-Smake.release.xcconfig"; sourceTree = "<group>"; };
/* End PBXFileReference section */

/* Begin PBXFrameworksBuildPhase section */
		97871A9B20EAADEC00A88E6A /* Frameworks */ = {
			isa = PBXFrameworksBuildPhase;
			buildActionMask = 2147483647;
			files = (
				FE8044642094E95B95532E2E /* Pods_Smake.framework in Frameworks */,
			);
			runOnlyForDeploymentPostprocessing = 0;
		};
/* End PBXFrameworksBuildPhase section */

/* Begin PBXGroup section */
		10B1C9170D98F9C86C0DED1C /* Frameworks */ = {
			isa = PBXGroup;
			children = (
				AD2B44B489F6DA578AB70184 /* Pods_Smake.framework */,
			);
			name = Frameworks;
			sourceTree = "<group>";
		};
		6B60016DC8722B983E7B7960 /* Pods */ = {
			isa = PBXGroup;
			children = (
				CE8509021841E687E693BD1E /* Pods-Smake.debug.xcconfig */,
				D6FB3722E9A6BDCD6BC9722A /* Pods-Smake.release.xcconfig */,
			);
			name = Pods;
			sourceTree = "<group>";
		};
		9784DB1420EF3CB100DCF746 /* supporting files */ = {
			isa = PBXGroup;
			children = (
				9784DB1620EF3CF800DCF746 /* SWRevealViewController.h */,
				9784DB1720EF3CF800DCF746 /* SWRevealViewController.m */,
				9784DB1520EF3CF700DCF746 /* Smake-Bridging-Header.h */,
			);
			name = "supporting files";
			sourceTree = "<group>";
		};
		9784DB1920EF599000DCF746 /* Controller */ = {
			isa = PBXGroup;
			children = (
				9784DB1C20EF59C900DCF746 /* ChatVC.swift */,
				9784DB1E20EF59E100DCF746 /* ChannelVC.swift */,
			);
			name = Controller;
			sourceTree = "<group>";
		};
		9784DB1A20EF59A300DCF746 /* View */ = {
			isa = PBXGroup;
			children = (
				974CA47820EFB74E0047FEA6 /* GradientView.swift */,
			);
			name = View;
			sourceTree = "<group>";
		};
		9784DB1B20EF59A900DCF746 /* Model */ = {
			isa = PBXGroup;
			children = (
			);
			name = Model;
			sourceTree = "<group>";
		};
		97871A9520EAADEC00A88E6A = {
			isa = PBXGroup;
			children = (
				97871AA020EAADEC00A88E6A /* Smake */,
				97871A9F20EAADEC00A88E6A /* Products */,
				6B60016DC8722B983E7B7960 /* Pods */,
				10B1C9170D98F9C86C0DED1C /* Frameworks */,
			);
			sourceTree = "<group>";
		};
		97871A9F20EAADEC00A88E6A /* Products */ = {
			isa = PBXGroup;
			children = (
				97871A9E20EAADEC00A88E6A /* Smake.app */,
			);
			name = Products;
			sourceTree = "<group>";
		};
		97871AA020EAADEC00A88E6A /* Smake */ = {
			isa = PBXGroup;
			children = (
				9784DB1B20EF59A900DCF746 /* Model */,
				9784DB1A20EF59A300DCF746 /* View */,
				9784DB1920EF599000DCF746 /* Controller */,
				97871AA120EAADEC00A88E6A /* AppDelegate.swift */,
				97871AA520EAADEC00A88E6A /* Main.storyboard */,
				97871AA820EAADEC00A88E6A /* Assets.xcassets */,
				97871AAA20EAADEC00A88E6A /* LaunchScreen.storyboard */,
				97871AAD20EAADEC00A88E6A /* Info.plist */,
				9784DB1420EF3CB100DCF746 /* supporting files */,
			);
			path = Smake;
			sourceTree = "<group>";
		};
/* End PBXGroup section */

/* Begin PBXNativeTarget section */
		97871A9D20EAADEC00A88E6A /* Smake */ = {
			isa = PBXNativeTarget;
			buildConfigurationList = 97871AB020EAADEC00A88E6A /* Build configuration list for PBXNativeTarget "Smake" */;
			buildPhases = (
				AC9C1249CD0453E4B4870952 /* [CP] Check Pods Manifest.lock */,
				97871A9A20EAADEC00A88E6A /* Sources */,
				97871A9B20EAADEC00A88E6A /* Frameworks */,
				97871A9C20EAADEC00A88E6A /* Resources */,
				E6D6F8F64593A6174875E4BF /* [CP] Embed Pods Frameworks */,
				F2DB9DD71C5FE20CCB92D4D6 /* [CP] Copy Pods Resources */,
			);
			buildRules = (
			);
			dependencies = (
			);
			name = Smake;
			productName = Smake;
			productReference = 97871A9E20EAADEC00A88E6A /* Smake.app */;
			productType = "com.apple.product-type.application";
		};
/* End PBXNativeTarget section */

/* Begin PBXProject section */
		97871A9620EAADEC00A88E6A /* Project object */ = {
			isa = PBXProject;
			attributes = {
				LastSwiftUpdateCheck = 0830;
				LastUpgradeCheck = 0830;
				ORGANIZATIONNAME = Hussain;
				TargetAttributes = {
					97871A9D20EAADEC00A88E6A = {
						CreatedOnToolsVersion = 8.3.3;
						LastSwiftMigration = 0830;
						ProvisioningStyle = Automatic;
					};
				};
			};
			buildConfigurationList = 97871A9920EAADEC00A88E6A /* Build configuration list for PBXProject "Smake" */;
			compatibilityVersion = "Xcode 3.2";
			developmentRegion = English;
			hasScannedForEncodings = 0;
			knownRegions = (
				en,
				Base,
			);
			mainGroup = 97871A9520EAADEC00A88E6A;
			productRefGroup = 97871A9F20EAADEC00A88E6A /* Products */;
			projectDirPath = "";
			projectRoot = "";
			targets = (
				97871A9D20EAADEC00A88E6A /* Smake */,
			);
		};
/* End PBXProject section */

/* Begin PBXResourcesBuildPhase section */
		97871A9C20EAADEC00A88E6A /* Resources */ = {
			isa = PBXResourcesBuildPhase;
			buildActionMask = 2147483647;
			files = (
				97871AAC20EAADEC00A88E6A /* LaunchScreen.storyboard in Resources */,
				97871AA920EAADEC00A88E6A /* Assets.xcassets in Resources */,
				97871AA720EAADEC00A88E6A /* Main.storyboard in Resources */,
			);
			runOnlyForDeploymentPostprocessing = 0;
		};
/* End PBXResourcesBuildPhase section */

/* Begin PBXShellScriptBuildPhase section */
		AC9C1249CD0453E4B4870952 /* [CP] Check Pods Manifest.lock */ = {
			isa = PBXShellScriptBuildPhase;
			buildActionMask = 2147483647;
			files = (
			);
			inputPaths = (
				"${PODS_PODFILE_DIR_PATH}/Podfile.lock",
				"${PODS_ROOT}/Manifest.lock",
			);
			name = "[CP] Check Pods Manifest.lock";
			outputPaths = (
				"$(DERIVED_FILE_DIR)/Pods-Smake-checkManifestLockResult.txt",
			);
			runOnlyForDeploymentPostprocessing = 0;
			shellPath = /bin/sh;
			shellScript = "diff \"${PODS_PODFILE_DIR_PATH}/Podfile.lock\" \"${PODS_ROOT}/Manifest.lock\" > /dev/null\nif [ $? != 0 ] ; then\n    # print error to STDERR\n    echo \"error: The sandbox is not in sync with the Podfile.lock. Run 'pod install' or update your CocoaPods installation.\" >&2\n    exit 1\nfi\n# This output is used by Xcode 'outputs' to avoid re-running this script phase.\necho \"SUCCESS\" > \"${SCRIPT_OUTPUT_FILE_0}\"\n";
			showEnvVarsInLog = 0;
		};
		E6D6F8F64593A6174875E4BF /* [CP] Embed Pods Frameworks */ = {
			isa = PBXShellScriptBuildPhase;
			buildActionMask = 2147483647;
			files = (
			);
			inputPaths = (
				"${SRCROOT}/Pods/Target Support Files/Pods-Smake/Pods-Smake-frameworks.sh",
				"${BUILT_PRODUCTS_DIR}/Alamofire/Alamofire.framework",
				"${BUILT_PRODUCTS_DIR}/Socket.IO-Client-Swift-Q/SocketIOQ.framework",
				"${BUILT_PRODUCTS_DIR}/StarscreamSocketIO/StarscreamSocketIO.framework",
				"${BUILT_PRODUCTS_DIR}/SwiftyJSON/SwiftyJSON.framework",
			);
			name = "[CP] Embed Pods Frameworks";
			outputPaths = (
				"${TARGET_BUILD_DIR}/${FRAMEWORKS_FOLDER_PATH}/Alamofire.framework",
				"${TARGET_BUILD_DIR}/${FRAMEWORKS_FOLDER_PATH}/SocketIOQ.framework",
				"${TARGET_BUILD_DIR}/${FRAMEWORKS_FOLDER_PATH}/StarscreamSocketIO.framework",
				"${TARGET_BUILD_DIR}/${FRAMEWORKS_FOLDER_PATH}/SwiftyJSON.framework",
			);
			runOnlyForDeploymentPostprocessing = 0;
			shellPath = /bin/sh;
			shellScript = "\"${SRCROOT}/Pods/Target Support Files/Pods-Smake/Pods-Smake-frameworks.sh\"\n";
			showEnvVarsInLog = 0;
		};
		F2DB9DD71C5FE20CCB92D4D6 /* [CP] Copy Pods Resources */ = {
			isa = PBXShellScriptBuildPhase;
			buildActionMask = 2147483647;
			files = (
			);
			inputPaths = (
			);
			name = "[CP] Copy Pods Resources";
			outputPaths = (
			);
			runOnlyForDeploymentPostprocessing = 0;
			shellPath = /bin/sh;
			shellScript = "\"${SRCROOT}/Pods/Target Support Files/Pods-Smake/Pods-Smake-resources.sh\"\n";
			showEnvVarsInLog = 0;
		};
/* End PBXShellScriptBuildPhase section */

/* Begin PBXSourcesBuildPhase section */
		97871A9A20EAADEC00A88E6A /* Sources */ = {
			isa = PBXSourcesBuildPhase;
			buildActionMask = 2147483647;
			files = (
				9784DB1F20EF59E100DCF746 /* ChannelVC.swift in Sources */,
				9784DB1D20EF59C900DCF746 /* ChatVC.swift in Sources */,
				974CA47920EFB74E0047FEA6 /* GradientView.swift in Sources */,
				97871AA220EAADEC00A88E6A /* AppDelegate.swift in Sources */,
				9784DB1820EF3CF800DCF746 /* SWRevealViewController.m in Sources */,
			);
			runOnlyForDeploymentPostprocessing = 0;
		};
/* End PBXSourcesBuildPhase section */

/* Begin PBXVariantGroup section */
		97871AA520EAADEC00A88E6A /* Main.storyboard */ = {
			isa = PBXVariantGroup;
			children = (
				97871AA620EAADEC00A88E6A /* Base */,
			);
			name = Main.storyboard;
			sourceTree = "<group>";
		};
		97871AAA20EAADEC00A88E6A /* LaunchScreen.storyboard */ = {
			isa = PBXVariantGroup;
			children = (
				97871AAB20EAADEC00A88E6A /* Base */,
			);
			name = LaunchScreen.storyboard;
			sourceTree = "<group>";
		};
/* End PBXVariantGroup section */

/* Begin XCBuildConfiguration section */
		97871AAE20EAADEC00A88E6A /* Debug */ = {
			isa = XCBuildConfiguration;
			buildSettings = {
				ALWAYS_SEARCH_USER_PATHS = NO;
				CLANG_ANALYZER_NONNULL = YES;
				CLANG_ANALYZER_NUMBER_OBJECT_CONVERSION = YES_AGGRESSIVE;
				CLANG_CXX_LANGUAGE_STANDARD = "gnu++0x";
				CLANG_CXX_LIBRARY = "libc++";
				CLANG_ENABLE_MODULES = YES;
				CLANG_ENABLE_OBJC_ARC = YES;
				CLANG_WARN_BOOL_CONVERSION = YES;
				CLANG_WARN_CONSTANT_CONVERSION = YES;
				CLANG_WARN_DIRECT_OBJC_ISA_USAGE = YES_ERROR;
				CLANG_WARN_DOCUMENTATION_COMMENTS = YES;
				CLANG_WARN_EMPTY_BODY = YES;
				CLANG_WARN_ENUM_CONVERSION = YES;
				CLANG_WARN_INFINITE_RECURSION = YES;
				CLANG_WARN_INT_CONVERSION = YES;
				CLANG_WARN_OBJC_ROOT_CLASS = YES_ERROR;
				CLANG_WARN_SUSPICIOUS_MOVE = YES;
				CLANG_WARN_UNREACHABLE_CODE = YES;
				CLANG_WARN__DUPLICATE_METHOD_MATCH = YES;
				"CODE_SIGN_IDENTITY[sdk=iphoneos*]" = "iPhone Developer";
				COPY_PHASE_STRIP = NO;
				DEBUG_INFORMATION_FORMAT = dwarf;
				ENABLE_STRICT_OBJC_MSGSEND = YES;
				ENABLE_TESTABILITY = YES;
				GCC_C_LANGUAGE_STANDARD = gnu99;
				GCC_DYNAMIC_NO_PIC = NO;
				GCC_NO_COMMON_BLOCKS = YES;
				GCC_OPTIMIZATION_LEVEL = 0;
				GCC_PREPROCESSOR_DEFINITIONS = (
					"DEBUG=1",
					"$(inherited)",
				);
				GCC_WARN_64_TO_32_BIT_CONVERSION = YES;
				GCC_WARN_ABOUT_RETURN_TYPE = YES_ERROR;
				GCC_WARN_UNDECLARED_SELECTOR = YES;
				GCC_WARN_UNINITIALIZED_AUTOS = YES_AGGRESSIVE;
				GCC_WARN_UNUSED_FUNCTION = YES;
				GCC_WARN_UNUSED_VARIABLE = YES;
				IPHONEOS_DEPLOYMENT_TARGET = 10.3;
				MTL_ENABLE_DEBUG_INFO = YES;
				ONLY_ACTIVE_ARCH = YES;
				SDKROOT = iphoneos;
				SWIFT_ACTIVE_COMPILATION_CONDITIONS = DEBUG;
				SWIFT_OPTIMIZATION_LEVEL = "-Onone";
				TARGETED_DEVICE_FAMILY = "1,2";
			};
			name = Debug;
		};
		97871AAF20EAADEC00A88E6A /* Release */ = {
			isa = XCBuildConfiguration;
			buildSettings = {
				ALWAYS_SEARCH_USER_PATHS = NO;
				CLANG_ANALYZER_NONNULL = YES;
				CLANG_ANALYZER_NUMBER_OBJECT_CONVERSION = YES_AGGRESSIVE;
				CLANG_CXX_LANGUAGE_STANDARD = "gnu++0x";
				CLANG_CXX_LIBRARY = "libc++";
				CLANG_ENABLE_MODULES = YES;
				CLANG_ENABLE_OBJC_ARC = YES;
				CLANG_WARN_BOOL_CONVERSION = YES;
				CLANG_WARN_CONSTANT_CONVERSION = YES;
				CLANG_WARN_DIRECT_OBJC_ISA_USAGE = YES_ERROR;
				CLANG_WARN_DOCUMENTATION_COMMENTS = YES;
				CLANG_WARN_EMPTY_BODY = YES;
				CLANG_WARN_ENUM_CONVERSION = YES;
				CLANG_WARN_INFINITE_RECURSION = YES;
				CLANG_WARN_INT_CONVERSION = YES;
				CLANG_WARN_OBJC_ROOT_CLASS = YES_ERROR;
				CLANG_WARN_SUSPICIOUS_MOVE = YES;
				CLANG_WARN_UNREACHABLE_CODE = YES;
				CLANG_WARN__DUPLICATE_METHOD_MATCH = YES;
				"CODE_SIGN_IDENTITY[sdk=iphoneos*]" = "iPhone Developer";
				COPY_PHASE_STRIP = NO;
				DEBUG_INFORMATION_FORMAT = "dwarf-with-dsym";
				ENABLE_NS_ASSERTIONS = NO;
				ENABLE_STRICT_OBJC_MSGSEND = YES;
				GCC_C_LANGUAGE_STANDARD = gnu99;
				GCC_NO_COMMON_BLOCKS = YES;
				GCC_WARN_64_TO_32_BIT_CONVERSION = YES;
				GCC_WARN_ABOUT_RETURN_TYPE = YES_ERROR;
				GCC_WARN_UNDECLARED_SELECTOR = YES;
				GCC_WARN_UNINITIALIZED_AUTOS = YES_AGGRESSIVE;
				GCC_WARN_UNUSED_FUNCTION = YES;
				GCC_WARN_UNUSED_VARIABLE = YES;
				IPHONEOS_DEPLOYMENT_TARGET = 10.3;
				MTL_ENABLE_DEBUG_INFO = NO;
				SDKROOT = iphoneos;
				SWIFT_OPTIMIZATION_LEVEL = "-Owholemodule";
				TARGETED_DEVICE_FAMILY = "1,2";
				VALIDATE_PRODUCT = YES;
			};
			name = Release;
		};
		97871AB120EAADEC00A88E6A /* Debug */ = {
			isa = XCBuildConfiguration;
			baseConfigurationReference = CE8509021841E687E693BD1E /* Pods-Smake.debug.xcconfig */;
			buildSettings = {
				ASSETCATALOG_COMPILER_APPICON_NAME = AppIcon;
				CLANG_ENABLE_MODULES = YES;
				INFOPLIST_FILE = Smake/Info.plist;
				LD_RUNPATH_SEARCH_PATHS = "$(inherited) @executable_path/Frameworks";
				PRODUCT_BUNDLE_IDENTIFIER = Hussein.Smake;
				PRODUCT_NAME = "$(TARGET_NAME)";
				SWIFT_OBJC_BRIDGING_HEADER = "Smake/Smake-Bridging-Header.h";
				SWIFT_OPTIMIZATION_LEVEL = "-Onone";
				SWIFT_VERSION = 3.0;
			};
			name = Debug;
		};
		97871AB220EAADEC00A88E6A /* Release */ = {
			isa = XCBuildConfiguration;
			baseConfigurationReference = D6FB3722E9A6BDCD6BC9722A /* Pods-Smake.release.xcconfig */;
			buildSettings = {
				ASSETCATALOG_COMPILER_APPICON_NAME = AppIcon;
				CLANG_ENABLE_MODULES = YES;
				INFOPLIST_FILE = Smake/Info.plist;
				LD_RUNPATH_SEARCH_PATHS = "$(inherited) @executable_path/Frameworks";
				PRODUCT_BUNDLE_IDENTIFIER = Hussein.Smake;
				PRODUCT_NAME = "$(TARGET_NAME)";
				SWIFT_OBJC_BRIDGING_HEADER = "Smake/Smake-Bridging-Header.h";
				SWIFT_VERSION = 3.0;
			};
			name = Release;
		};
/* End XCBuildConfiguration section */

/* Begin XCConfigurationList section */
		97871A9920EAADEC00A88E6A /* Build configuration list for PBXProject "Smake" */ = {
			isa = XCConfigurationList;
			buildConfigurations = (
				97871AAE20EAADEC00A88E6A /* Debug */,
				97871AAF20EAADEC00A88E6A /* Release */,
			);
			defaultConfigurationIsVisible = 0;
			defaultConfigurationName = Release;
		};
		97871AB020EAADEC00A88E6A /* Build configuration list for PBXNativeTarget "Smake" */ = {
			isa = XCConfigurationList;
			buildConfigurations = (
				97871AB120EAADEC00A88E6A /* Debug */,
				97871AB220EAADEC00A88E6A /* Release */,
			);
			defaultConfigurationIsVisible = 0;
			defaultConfigurationName = Release;
		};
/* End XCConfigurationList section */
	};
	rootObject = 97871A9620EAADEC00A88E6A /* Project object */;
}
